// !$*UTF8*$!
{
	archiveVersion = 1;
	classes = {
	};
	objectVersion = 46;
	objects = {

/* Begin PBXBuildFile section */
		0510BF4E9F0C40635E7C17E3 /* DiscRecording.framework in Frameworks */ = {isa = PBXBuildFile; fileRef = EA00805E4A1C459829D8AC3A /* DiscRecording.framework */; };
		12C654B47A50DE5CB90620A2 /* include_juce_data_structures.mm in Sources */ = {isa = PBXBuildFile; fileRef = FC67450F2ABEB71E4B9B74AF /* include_juce_data_structures.mm */; };
		1670EE27E78A3D5A03DFBBAB /* Main.cpp in Sources */ = {isa = PBXBuildFile; fileRef = 700D66B963D51AD36A80523C /* Main.cpp */; };
		1CCCD005565C5079E73D64C3 /* include_juce_audio_processors_ara.cpp in Sources */ = {isa = PBXBuildFile; fileRef = 5AD3903994EE37C3B33EC2C0 /* include_juce_audio_processors_ara.cpp */; };
		25C6069602D89AD270464AF3 /* IOKit.framework in Frameworks */ = {isa = PBXBuildFile; fileRef = A8733901EF389AE2CF43D94F /* IOKit.framework */; };
		28CE693D3B82D74DEBC53071 /* include_juce_audio_basics.mm in Sources */ = {isa = PBXBuildFile; fileRef = 15B037E246F0B5AB922F4A6C /* include_juce_audio_basics.mm */; };
		2ED2252ED4FC5D782DC54319 /* CoreMIDI.framework in Frameworks */ = {isa = PBXBuildFile; fileRef = 7587380C62949D4C6A7FBC05 /* CoreMIDI.framework */; };
		36C78AB293158A573D6DDD34 /* RecentFilesMenuTemplate.nib in Resources */ = {isa = PBXBuildFile; fileRef = 9D33C9D55999EB64D5BFDD59 /* RecentFilesMenuTemplate.nib */; };
		439FC9AC36B958388B995B8F /* include_juce_graphics.mm in Sources */ = {isa = PBXBuildFile; fileRef = ACF732EED347DA4156E75D23 /* include_juce_graphics.mm */; };
		464097BEDA22CF7474459F27 /* include_juce_audio_processors_lv2_libs.cpp in Sources */ = {isa = PBXBuildFile; fileRef = 5F04E2E28D8B054F7D0A5ACA /* include_juce_audio_processors_lv2_libs.cpp */; };
		5022EC48982CE1BB35417CB9 /* Foundation.framework in Frameworks */ = {isa = PBXBuildFile; fileRef = 7AA2EEC764A32A0EF8766E7A /* Foundation.framework */; };
		5847053E3924A38820A2CA68 /* include_juce_audio_utils.mm in Sources */ = {isa = PBXBuildFile; fileRef = C61A43BBDD6F229B05870609 /* include_juce_audio_utils.mm */; };
		5B63C1630D3C0DDEB04DCBD7 /* QuartzCore.framework in Frameworks */ = {isa = PBXBuildFile; fileRef = 6DC28F6EE49B40D5088C5106 /* QuartzCore.framework */; };
		64CB8DBF3D1C612766FCC803 /* include_juce_gui_basics.mm in Sources */ = {isa = PBXBuildFile; fileRef = 77628DB803C6F67A8CCCAB19 /* include_juce_gui_basics.mm */; };
		75647328276EE49B15FD6AA2 /* include_juce_core.mm in Sources */ = {isa = PBXBuildFile; fileRef = 4573ECDAABE56C103E3B7233 /* include_juce_core.mm */; };
		796D28D12918B6F4DA43471C /* include_juce_box2d.cpp in Sources */ = {isa = PBXBuildFile; fileRef = 6C7734F22BA84A935F533BE1 /* include_juce_box2d.cpp */; };
		79708CECDBC90F2FC3DA5F51 /* include_juce_audio_processors.mm in Sources */ = {isa = PBXBuildFile; fileRef = 50579059E1B1C9C4BA331B6C /* include_juce_audio_processors.mm */; };
		79D447F2C01D38D3176E6E5C /* include_juce_events.mm in Sources */ = {isa = PBXBuildFile; fileRef = 18C44BC1E11F8A9750F12583 /* include_juce_events.mm */; };
		7D5574196ACADB9DCADB0CF0 /* Accelerate.framework in Frameworks */ = {isa = PBXBuildFile; fileRef = FAD9435A696C124275D98043 /* Accelerate.framework */; };
		8FE96E32BB45331319895EB6 /* AudioToolbox.framework in Frameworks */ = {isa = PBXBuildFile; fileRef = 686583E489A1BFE4AC2B5C14 /* AudioToolbox.framework */; };
		A10A4320F7BAD01F6043207E /* Cocoa.framework in Frameworks */ = {isa = PBXBuildFile; fileRef = 258859B4967E569013464C42 /* Cocoa.framework */; };
		AF84FAF1BEE85551C4E56C09 /* GComponent.cpp in Sources */ = {isa = PBXBuildFile; fileRef = 4C7BB8E9DB8E11F8575F8A81 /* GComponent.cpp */; };
		B0CE08DC80DB70D00E2588D3 /* include_juce_audio_formats.mm in Sources */ = {isa = PBXBuildFile; fileRef = 59BCD947B9B9D2824EBBA922 /* include_juce_audio_formats.mm */; };
		B69EC96B7E64FA8846DF679C /* include_juce_gui_extra.mm in Sources */ = {isa = PBXBuildFile; fileRef = 4D42623BE1DDD8AAC60A99E9 /* include_juce_gui_extra.mm */; };
		C043F8E3D6C2BE5B4DB850FA /* CoreAudioKit.framework in Frameworks */ = {isa = PBXBuildFile; fileRef = 53156D34F6657C769FE977D1 /* CoreAudioKit.framework */; };
		CEDD0EEC1F06E79D4237411E /* WebKit.framework in Frameworks */ = {isa = PBXBuildFile; fileRef = 0F595BEA47E0C0859EBB1208 /* WebKit.framework */; };
		EFB8C9EB68587D513EE926BD /* include_juce_audio_devices.mm in Sources */ = {isa = PBXBuildFile; fileRef = AB33E63F7CC995E8B7C7AD22 /* include_juce_audio_devices.mm */; };
		F3B602D6F1F4192B706D64F7 /* CoreAudio.framework in Frameworks */ = {isa = PBXBuildFile; fileRef = 61ADCF1C32CFB9F8C89399D6 /* CoreAudio.framework */; };
/* End PBXBuildFile section */

/* Begin PBXFileReference section */
		03A47F048345C89526837837 /* juce_audio_basics */ = {isa = PBXFileReference; lastKnownFileType = folder; name = juce_audio_basics; path = ../../../../../JUCE/modules/juce_audio_basics; sourceTree = SOURCE_ROOT; };
		0F595BEA47E0C0859EBB1208 /* WebKit.framework */ = {isa = PBXFileReference; lastKnownFileType = wrapper.framework; name = WebKit.framework; path = System/Library/Frameworks/WebKit.framework; sourceTree = SDKROOT; };
		15B037E246F0B5AB922F4A6C /* include_juce_audio_basics.mm */ = {isa = PBXFileReference; lastKnownFileType = sourcecode.cpp.objcpp; name = include_juce_audio_basics.mm; path = ../../JuceLibraryCode/include_juce_audio_basics.mm; sourceTree = SOURCE_ROOT; };
		18C44BC1E11F8A9750F12583 /* include_juce_events.mm */ = {isa = PBXFileReference; lastKnownFileType = sourcecode.cpp.objcpp; name = include_juce_events.mm; path = ../../JuceLibraryCode/include_juce_events.mm; sourceTree = SOURCE_ROOT; };
		1EC0C9CF7B07041C4DFB51DE /* juce_gui_extra */ = {isa = PBXFileReference; lastKnownFileType = folder; name = juce_gui_extra; path = ../../../../../JUCE/modules/juce_gui_extra; sourceTree = SOURCE_ROOT; };
		258859B4967E569013464C42 /* Cocoa.framework */ = {isa = PBXFileReference; lastKnownFileType = wrapper.framework; name = Cocoa.framework; path = System/Library/Frameworks/Cocoa.framework; sourceTree = SDKROOT; };
		2F4AD0ECD6F3047D74AA1D44 /* NewProject.app */ = {isa = PBXFileReference; explicitFileType = wrapper.application; includeInIndex = 0; path = NewProject.app; sourceTree = BUILT_PRODUCTS_DIR; };
		378D65E899B2D1C67AE46430 /* Info-App.plist */ = {isa = PBXFileReference; lastKnownFileType = text.plist.xml; path = "Info-App.plist"; sourceTree = SOURCE_ROOT; };
		4573ECDAABE56C103E3B7233 /* include_juce_core.mm */ = {isa = PBXFileReference; lastKnownFileType = sourcecode.cpp.objcpp; name = include_juce_core.mm; path = ../../JuceLibraryCode/include_juce_core.mm; sourceTree = SOURCE_ROOT; };
		4579DF37418EB93BDC246DD9 /* JuceHeader.h */ = {isa = PBXFileReference; lastKnownFileType = sourcecode.c.h; name = JuceHeader.h; path = ../../JuceLibraryCode/JuceHeader.h; sourceTree = SOURCE_ROOT; };
		4C7BB8E9DB8E11F8575F8A81 /* GComponent.cpp */ = {isa = PBXFileReference; lastKnownFileType = sourcecode.cpp.cpp; name = GComponent.cpp; path = ../../Source/GComponent.cpp; sourceTree = SOURCE_ROOT; };
		4D42623BE1DDD8AAC60A99E9 /* include_juce_gui_extra.mm */ = {isa = PBXFileReference; lastKnownFileType = sourcecode.cpp.objcpp; name = include_juce_gui_extra.mm; path = ../../JuceLibraryCode/include_juce_gui_extra.mm; sourceTree = SOURCE_ROOT; };
		50579059E1B1C9C4BA331B6C /* include_juce_audio_processors.mm */ = {isa = PBXFileReference; lastKnownFileType = sourcecode.cpp.objcpp; name = include_juce_audio_processors.mm; path = ../../JuceLibraryCode/include_juce_audio_processors.mm; sourceTree = SOURCE_ROOT; };
		53156D34F6657C769FE977D1 /* CoreAudioKit.framework */ = {isa = PBXFileReference; lastKnownFileType = wrapper.framework; name = CoreAudioKit.framework; path = System/Library/Frameworks/CoreAudioKit.framework; sourceTree = SDKROOT; };
		59BCD947B9B9D2824EBBA922 /* include_juce_audio_formats.mm */ = {isa = PBXFileReference; lastKnownFileType = sourcecode.cpp.objcpp; name = include_juce_audio_formats.mm; path = ../../JuceLibraryCode/include_juce_audio_formats.mm; sourceTree = SOURCE_ROOT; };
		5AD3903994EE37C3B33EC2C0 /* include_juce_audio_processors_ara.cpp */ = {isa = PBXFileReference; lastKnownFileType = sourcecode.cpp.cpp; name = include_juce_audio_processors_ara.cpp; path = ../../JuceLibraryCode/include_juce_audio_processors_ara.cpp; sourceTree = SOURCE_ROOT; };
		5F04E2E28D8B054F7D0A5ACA /* include_juce_audio_processors_lv2_libs.cpp */ = {isa = PBXFileReference; lastKnownFileType = sourcecode.cpp.cpp; name = include_juce_audio_processors_lv2_libs.cpp; path = ../../JuceLibraryCode/include_juce_audio_processors_lv2_libs.cpp; sourceTree = SOURCE_ROOT; };
		61ADCF1C32CFB9F8C89399D6 /* CoreAudio.framework */ = {isa = PBXFileReference; lastKnownFileType = wrapper.framework; name = CoreAudio.framework; path = System/Library/Frameworks/CoreAudio.framework; sourceTree = SDKROOT; };
		624DD9EBC1C5B40CCA43D719 /* juce_audio_utils */ = {isa = PBXFileReference; lastKnownFileType = folder; name = juce_audio_utils; path = ../../../../../JUCE/modules/juce_audio_utils; sourceTree = SOURCE_ROOT; };
		629B9116343C80167C71CD83 /* juce_audio_formats */ = {isa = PBXFileReference; lastKnownFileType = folder; name = juce_audio_formats; path = ../../../../../JUCE/modules/juce_audio_formats; sourceTree = SOURCE_ROOT; };
		62E6EEB6D35359449B1AD70F /* juce_box2d */ = {isa = PBXFileReference; lastKnownFileType = folder; name = juce_box2d; path = ../../../../../JUCE/modules/juce_box2d; sourceTree = SOURCE_ROOT; };
		686583E489A1BFE4AC2B5C14 /* AudioToolbox.framework */ = {isa = PBXFileReference; lastKnownFileType = wrapper.framework; name = AudioToolbox.framework; path = System/Library/Frameworks/AudioToolbox.framework; sourceTree = SDKROOT; };
		6C7734F22BA84A935F533BE1 /* include_juce_box2d.cpp */ = {isa = PBXFileReference; lastKnownFileType = sourcecode.cpp.cpp; name = include_juce_box2d.cpp; path = ../../JuceLibraryCode/include_juce_box2d.cpp; sourceTree = SOURCE_ROOT; };
		6CD10B4353E2BF188D801AB3 /* juce_audio_processors */ = {isa = PBXFileReference; lastKnownFileType = folder; name = juce_audio_processors; path = ../../../../../JUCE/modules/juce_audio_processors; sourceTree = SOURCE_ROOT; };
		6DC28F6EE49B40D5088C5106 /* QuartzCore.framework */ = {isa = PBXFileReference; lastKnownFileType = wrapper.framework; name = QuartzCore.framework; path = System/Library/Frameworks/QuartzCore.framework; sourceTree = SDKROOT; };
		700D66B963D51AD36A80523C /* Main.cpp */ = {isa = PBXFileReference; lastKnownFileType = sourcecode.cpp.cpp; name = Main.cpp; path = ../../Source/Main.cpp; sourceTree = SOURCE_ROOT; };
		71B3988C2051EA71AD0A5906 /* juce_audio_devices */ = {isa = PBXFileReference; lastKnownFileType = folder; name = juce_audio_devices; path = ../../../../../JUCE/modules/juce_audio_devices; sourceTree = SOURCE_ROOT; };
		75860D406EBFC957080DCBB5 /* juce_gui_basics */ = {isa = PBXFileReference; lastKnownFileType = folder; name = juce_gui_basics; path = ../../../../../JUCE/modules/juce_gui_basics; sourceTree = SOURCE_ROOT; };
		7587380C62949D4C6A7FBC05 /* CoreMIDI.framework */ = {isa = PBXFileReference; lastKnownFileType = wrapper.framework; name = CoreMIDI.framework; path = System/Library/Frameworks/CoreMIDI.framework; sourceTree = SDKROOT; };
		77628DB803C6F67A8CCCAB19 /* include_juce_gui_basics.mm */ = {isa = PBXFileReference; lastKnownFileType = sourcecode.cpp.objcpp; name = include_juce_gui_basics.mm; path = ../../JuceLibraryCode/include_juce_gui_basics.mm; sourceTree = SOURCE_ROOT; };
		7AA2EEC764A32A0EF8766E7A /* Foundation.framework */ = {isa = PBXFileReference; lastKnownFileType = wrapper.framework; name = Foundation.framework; path = System/Library/Frameworks/Foundation.framework; sourceTree = SDKROOT; };
		8C04330AAF690CC25AC9BB1B /* juce_core */ = {isa = PBXFileReference; lastKnownFileType = folder; name = juce_core; path = ../../../../../JUCE/modules/juce_core; sourceTree = SOURCE_ROOT; };
		8F2E7FB94B9428EF0B0C327B /* juce_data_structures */ = {isa = PBXFileReference; lastKnownFileType = folder; name = juce_data_structures; path = ../../../../../JUCE/modules/juce_data_structures; sourceTree = SOURCE_ROOT; };
		9D33C9D55999EB64D5BFDD59 /* RecentFilesMenuTemplate.nib */ = {isa = PBXFileReference; lastKnownFileType = file.nib; path = RecentFilesMenuTemplate.nib; sourceTree = SOURCE_ROOT; };
		A8733901EF389AE2CF43D94F /* IOKit.framework */ = {isa = PBXFileReference; lastKnownFileType = wrapper.framework; name = IOKit.framework; path = System/Library/Frameworks/IOKit.framework; sourceTree = SDKROOT; };
		AB33E63F7CC995E8B7C7AD22 /* include_juce_audio_devices.mm */ = {isa = PBXFileReference; lastKnownFileType = sourcecode.cpp.objcpp; name = include_juce_audio_devices.mm; path = ../../JuceLibraryCode/include_juce_audio_devices.mm; sourceTree = SOURCE_ROOT; };
		ACF732EED347DA4156E75D23 /* include_juce_graphics.mm */ = {isa = PBXFileReference; lastKnownFileType = sourcecode.cpp.objcpp; name = include_juce_graphics.mm; path = ../../JuceLibraryCode/include_juce_graphics.mm; sourceTree = SOURCE_ROOT; };
		C61A43BBDD6F229B05870609 /* include_juce_audio_utils.mm */ = {isa = PBXFileReference; lastKnownFileType = sourcecode.cpp.objcpp; name = include_juce_audio_utils.mm; path = ../../JuceLibraryCode/include_juce_audio_utils.mm; sourceTree = SOURCE_ROOT; };
		C86D1DD1A4BF08ED66506874 /* GComponent.h */ = {isa = PBXFileReference; lastKnownFileType = sourcecode.c.h; name = GComponent.h; path = ../../Source/GComponent.h; sourceTree = SOURCE_ROOT; };
		EA00805E4A1C459829D8AC3A /* DiscRecording.framework */ = {isa = PBXFileReference; lastKnownFileType = wrapper.framework; name = DiscRecording.framework; path = System/Library/Frameworks/DiscRecording.framework; sourceTree = SDKROOT; };
		F15EAC8A9A01234DA25C15B8 /* juce_graphics */ = {isa = PBXFileReference; lastKnownFileType = folder; name = juce_graphics; path = ../../../../../JUCE/modules/juce_graphics; sourceTree = SOURCE_ROOT; };
		FA7872EB25A05CB687B38A7A /* juce_events */ = {isa = PBXFileReference; lastKnownFileType = folder; name = juce_events; path = ../../../../../JUCE/modules/juce_events; sourceTree = SOURCE_ROOT; };
		FAD9435A696C124275D98043 /* Accelerate.framework */ = {isa = PBXFileReference; lastKnownFileType = wrapper.framework; name = Accelerate.framework; path = System/Library/Frameworks/Accelerate.framework; sourceTree = SDKROOT; };
		FC67450F2ABEB71E4B9B74AF /* include_juce_data_structures.mm */ = {isa = PBXFileReference; lastKnownFileType = sourcecode.cpp.objcpp; name = include_juce_data_structures.mm; path = ../../JuceLibraryCode/include_juce_data_structures.mm; sourceTree = SOURCE_ROOT; };
/* End PBXFileReference section */

/* Begin PBXFrameworksBuildPhase section */
		D2BEC019378D96C1DB2FF409 /* Frameworks */ = {
			isa = PBXFrameworksBuildPhase;
			buildActionMask = 2147483647;
			files = (
				7D5574196ACADB9DCADB0CF0 /* Accelerate.framework in Frameworks */,
				8FE96E32BB45331319895EB6 /* AudioToolbox.framework in Frameworks */,
				A10A4320F7BAD01F6043207E /* Cocoa.framework in Frameworks */,
				F3B602D6F1F4192B706D64F7 /* CoreAudio.framework in Frameworks */,
				C043F8E3D6C2BE5B4DB850FA /* CoreAudioKit.framework in Frameworks */,
				2ED2252ED4FC5D782DC54319 /* CoreMIDI.framework in Frameworks */,
				0510BF4E9F0C40635E7C17E3 /* DiscRecording.framework in Frameworks */,
				5022EC48982CE1BB35417CB9 /* Foundation.framework in Frameworks */,
				25C6069602D89AD270464AF3 /* IOKit.framework in Frameworks */,
				5B63C1630D3C0DDEB04DCBD7 /* QuartzCore.framework in Frameworks */,
				CEDD0EEC1F06E79D4237411E /* WebKit.framework in Frameworks */,
			);
			runOnlyForDeploymentPostprocessing = 0;
		};
/* End PBXFrameworksBuildPhase section */

/* Begin PBXGroup section */
		15C8467B56DC77F6A40442D7 /* Source */ = {
			isa = PBXGroup;
			children = (
				700D66B963D51AD36A80523C /* Main.cpp */,
				C86D1DD1A4BF08ED66506874 /* GComponent.h */,
				4C7BB8E9DB8E11F8575F8A81 /* GComponent.cpp */,
			);
			name = Source;
			sourceTree = "<group>";
		};
		38F59B6654B0AF9A3DD38456 /* JUCE Modules */ = {
			isa = PBXGroup;
			children = (
				03A47F048345C89526837837 /* juce_audio_basics */,
				71B3988C2051EA71AD0A5906 /* juce_audio_devices */,
				629B9116343C80167C71CD83 /* juce_audio_formats */,
				6CD10B4353E2BF188D801AB3 /* juce_audio_processors */,
				624DD9EBC1C5B40CCA43D719 /* juce_audio_utils */,
				62E6EEB6D35359449B1AD70F /* juce_box2d */,
				8C04330AAF690CC25AC9BB1B /* juce_core */,
				8F2E7FB94B9428EF0B0C327B /* juce_data_structures */,
				FA7872EB25A05CB687B38A7A /* juce_events */,
				F15EAC8A9A01234DA25C15B8 /* juce_graphics */,
				75860D406EBFC957080DCBB5 /* juce_gui_basics */,
				1EC0C9CF7B07041C4DFB51DE /* juce_gui_extra */,
			);
			name = "JUCE Modules";
			sourceTree = "<group>";
		};
		5D019136E3B5FF648B69DB37 /* Products */ = {
			isa = PBXGroup;
			children = (
				2F4AD0ECD6F3047D74AA1D44 /* NewProject.app */,
			);
			name = Products;
			sourceTree = "<group>";
		};
		8969AFD779E639F4C3BCB60A /* Source */ = {
			isa = PBXGroup;
			children = (
				D946B3FB7FC7A71E4DE00E67 /* res */,
				38F59B6654B0AF9A3DD38456 /* JUCE Modules */,
				A36BE5FBD4F762F0015359C3 /* JUCE Library Code */,
				EEBBD95662F767022A35F052 /* Resources */,
				D10DD0A1DFA720C58AB5E2DC /* Frameworks */,
				5D019136E3B5FF648B69DB37 /* Products */,
			);
			name = Source;
			sourceTree = "<group>";
		};
		A36BE5FBD4F762F0015359C3 /* JUCE Library Code */ = {
			isa = PBXGroup;
			children = (
				15B037E246F0B5AB922F4A6C /* include_juce_audio_basics.mm */,
				AB33E63F7CC995E8B7C7AD22 /* include_juce_audio_devices.mm */,
				59BCD947B9B9D2824EBBA922 /* include_juce_audio_formats.mm */,
				50579059E1B1C9C4BA331B6C /* include_juce_audio_processors.mm */,
				5AD3903994EE37C3B33EC2C0 /* include_juce_audio_processors_ara.cpp */,
				5F04E2E28D8B054F7D0A5ACA /* include_juce_audio_processors_lv2_libs.cpp */,
				C61A43BBDD6F229B05870609 /* include_juce_audio_utils.mm */,
				6C7734F22BA84A935F533BE1 /* include_juce_box2d.cpp */,
				4573ECDAABE56C103E3B7233 /* include_juce_core.mm */,
				FC67450F2ABEB71E4B9B74AF /* include_juce_data_structures.mm */,
				18C44BC1E11F8A9750F12583 /* include_juce_events.mm */,
				ACF732EED347DA4156E75D23 /* include_juce_graphics.mm */,
				77628DB803C6F67A8CCCAB19 /* include_juce_gui_basics.mm */,
				4D42623BE1DDD8AAC60A99E9 /* include_juce_gui_extra.mm */,
				4579DF37418EB93BDC246DD9 /* JuceHeader.h */,
			);
			name = "JUCE Library Code";
			sourceTree = "<group>";
		};
		D10DD0A1DFA720C58AB5E2DC /* Frameworks */ = {
			isa = PBXGroup;
			children = (
				FAD9435A696C124275D98043 /* Accelerate.framework */,
				686583E489A1BFE4AC2B5C14 /* AudioToolbox.framework */,
				258859B4967E569013464C42 /* Cocoa.framework */,
				61ADCF1C32CFB9F8C89399D6 /* CoreAudio.framework */,
				53156D34F6657C769FE977D1 /* CoreAudioKit.framework */,
				7587380C62949D4C6A7FBC05 /* CoreMIDI.framework */,
				EA00805E4A1C459829D8AC3A /* DiscRecording.framework */,
				7AA2EEC764A32A0EF8766E7A /* Foundation.framework */,
				A8733901EF389AE2CF43D94F /* IOKit.framework */,
				6DC28F6EE49B40D5088C5106 /* QuartzCore.framework */,
				0F595BEA47E0C0859EBB1208 /* WebKit.framework */,
			);
			name = Frameworks;
			sourceTree = "<group>";
		};
		D946B3FB7FC7A71E4DE00E67 /* res */ = {
			isa = PBXGroup;
			children = (
				15C8467B56DC77F6A40442D7 /* Source */,
			);
			name = res;
			sourceTree = "<group>";
		};
		EEBBD95662F767022A35F052 /* Resources */ = {
			isa = PBXGroup;
			children = (
				378D65E899B2D1C67AE46430 /* Info-App.plist */,
				9D33C9D55999EB64D5BFDD59 /* RecentFilesMenuTemplate.nib */,
			);
			name = Resources;
			sourceTree = "<group>";
		};
/* End PBXGroup section */

/* Begin PBXNativeTarget section */
		DCDEE62F1125373A0361A4EB /* res - App */ = {
			isa = PBXNativeTarget;
			buildConfigurationList = EE115E01939CE8E524B28616 /* Build configuration list for PBXNativeTarget "res - App" */;
			buildPhases = (
				8D3EDD80B1E61CEFE3A3CB36 /* Resources */,
				B8EC409A298EEAD6C1B5615F /* Sources */,
				D2BEC019378D96C1DB2FF409 /* Frameworks */,
			);
			buildRules = (
			);
			dependencies = (
			);
			name = "res - App";
			productName = res;
			productReference = 2F4AD0ECD6F3047D74AA1D44 /* NewProject.app */;
			productType = "com.apple.product-type.application";
		};
/* End PBXNativeTarget section */

/* Begin PBXProject section */
		98ADD63E0E3D6500DC45347B /* Project object */ = {
			isa = PBXProject;
			attributes = {
				LastUpgradeCheck = 1340;
				ORGANIZATIONNAME = "";
				TargetAttributes = {
					DCDEE62F1125373A0361A4EB = {
						SystemCapabilities = {
							com.apple.ApplicationGroups.iOS = {
								enabled = 0;
							};
							com.apple.HardenedRuntime = {
								enabled = 0;
							};
							com.apple.InAppPurchase = {
								enabled = 0;
							};
							com.apple.InterAppAudio = {
								enabled = 0;
							};
							com.apple.Push = {
								enabled = 0;
							};
							com.apple.Sandbox = {
								enabled = 0;
							};
						};
					};
				};
			};
			buildConfigurationList = D5DC163C80E054D87A2530F2 /* Build configuration list for PBXProject "res" */;
			compatibilityVersion = "Xcode 3.2";
			developmentRegion = en;
			hasScannedForEncodings = 0;
			knownRegions = (
				en,
				Base,
			);
			mainGroup = 8969AFD779E639F4C3BCB60A /* Source */;
			projectDirPath = "";
			projectRoot = "";
			targets = (
				DCDEE62F1125373A0361A4EB /* res - App */,
			);
		};
/* End PBXProject section */

/* Begin PBXResourcesBuildPhase section */
		8D3EDD80B1E61CEFE3A3CB36 /* Resources */ = {
			isa = PBXResourcesBuildPhase;
			buildActionMask = 2147483647;
			files = (
				36C78AB293158A573D6DDD34 /* RecentFilesMenuTemplate.nib in Resources */,
			);
			runOnlyForDeploymentPostprocessing = 0;
		};
/* End PBXResourcesBuildPhase section */

/* Begin PBXSourcesBuildPhase section */
		B8EC409A298EEAD6C1B5615F /* Sources */ = {
			isa = PBXSourcesBuildPhase;
			buildActionMask = 2147483647;
			files = (
				1670EE27E78A3D5A03DFBBAB /* Main.cpp in Sources */,
				AF84FAF1BEE85551C4E56C09 /* GComponent.cpp in Sources */,
				28CE693D3B82D74DEBC53071 /* include_juce_audio_basics.mm in Sources */,
				EFB8C9EB68587D513EE926BD /* include_juce_audio_devices.mm in Sources */,
				B0CE08DC80DB70D00E2588D3 /* include_juce_audio_formats.mm in Sources */,
				79708CECDBC90F2FC3DA5F51 /* include_juce_audio_processors.mm in Sources */,
				1CCCD005565C5079E73D64C3 /* include_juce_audio_processors_ara.cpp in Sources */,
				464097BEDA22CF7474459F27 /* include_juce_audio_processors_lv2_libs.cpp in Sources */,
				5847053E3924A38820A2CA68 /* include_juce_audio_utils.mm in Sources */,
				796D28D12918B6F4DA43471C /* include_juce_box2d.cpp in Sources */,
				75647328276EE49B15FD6AA2 /* include_juce_core.mm in Sources */,
				12C654B47A50DE5CB90620A2 /* include_juce_data_structures.mm in Sources */,
				79D447F2C01D38D3176E6E5C /* include_juce_events.mm in Sources */,
				439FC9AC36B958388B995B8F /* include_juce_graphics.mm in Sources */,
				64CB8DBF3D1C612766FCC803 /* include_juce_gui_basics.mm in Sources */,
				B69EC96B7E64FA8846DF679C /* include_juce_gui_extra.mm in Sources */,
			);
			runOnlyForDeploymentPostprocessing = 0;
		};
/* End PBXSourcesBuildPhase section */

/* Begin XCBuildConfiguration section */
		74E194E2B5F0125C9005BBE3 /* Debug */ = {
			isa = XCBuildConfiguration;
			buildSettings = {
				CLANG_CXX_LANGUAGE_STANDARD = "c++14";
				CLANG_CXX_LIBRARY = "libc++";
				CLANG_LINK_OBJC_RUNTIME = NO;
				CODE_SIGN_IDENTITY = "";
				COMBINE_HIDPI_IMAGES = YES;
				CONFIGURATION_BUILD_DIR = "$(PROJECT_DIR)/build/$(CONFIGURATION)";
				COPY_PHASE_STRIP = NO;
				EXCLUDED_ARCHS = "";
				GCC_DYNAMIC_NO_PIC = NO;
				GCC_OPTIMIZATION_LEVEL = 0;
				GCC_PREPROCESSOR_DEFINITIONS = (
					"_DEBUG=1",
					"DEBUG=1",
					"JUCE_DISPLAY_SPLASH_SCREEN=1",
					"JUCE_USE_DARK_SPLASH_SCREEN=1",
					"JUCE_PROJUCER_VERSION=0x70002",
					"JUCE_MODULE_AVAILABLE_juce_audio_basics=1",
					"JUCE_MODULE_AVAILABLE_juce_audio_devices=1",
					"JUCE_MODULE_AVAILABLE_juce_audio_formats=1",
					"JUCE_MODULE_AVAILABLE_juce_audio_processors=1",
					"JUCE_MODULE_AVAILABLE_juce_audio_utils=1",
					"JUCE_MODULE_AVAILABLE_juce_box2d=1",
					"JUCE_MODULE_AVAILABLE_juce_core=1",
					"JUCE_MODULE_AVAILABLE_juce_data_structures=1",
					"JUCE_MODULE_AVAILABLE_juce_events=1",
					"JUCE_MODULE_AVAILABLE_juce_graphics=1",
					"JUCE_MODULE_AVAILABLE_juce_gui_basics=1",
					"JUCE_MODULE_AVAILABLE_juce_gui_extra=1",
					"JUCE_GLOBAL_MODULE_SETTINGS_INCLUDED=1",
					"JUCE_STRICT_REFCOUNTEDPOINTER=1",
					"JUCE_STANDALONE_APPLICATION=1",
					"JUCER_XCODE_MAC_F6D2F4CF=1",
					"JUCE_APP_VERSION=1.0.0",
					"JUCE_APP_VERSION_HEX=0x10000",
					"JucePlugin_Build_VST=0",
					"JucePlugin_Build_VST3=0",
					"JucePlugin_Build_AU=0",
					"JucePlugin_Build_AUv3=0",
					"JucePlugin_Build_AAX=0",
					"JucePlugin_Build_Standalone=0",
					"JucePlugin_Build_Unity=0",
					"JucePlugin_Build_LV2=0",
					"JUCE_MODAL_LOOPS_PERMITTED=1",
				);
				GCC_VERSION = com.apple.compilers.llvm.clang.1_0;
				HEADER_SEARCH_PATHS = (
					"$(SRCROOT)/../../JuceLibraryCode",
					"$(SRCROOT)/../../../../../JUCE/modules",
					"$(inherited)",
				);
				INFOPLIST_FILE = "Info-App.plist";
				INFOPLIST_PREPROCESS = NO;
				INSTALL_PATH = "$(HOME)/Applications";
				MACOSX_DEPLOYMENT_TARGET = 10.11;
				MTL_HEADER_SEARCH_PATHS = "$(SRCROOT)/../../JuceLibraryCode $(SRCROOT)/../../../../../JUCE/modules";
				OTHER_LDFLAGS = (
					"-weak_framework",
					Metal,
					"-weak_framework",
					MetalKit,
				);
				PRODUCT_BUNDLE_IDENTIFIER = com.yourcompany.res;
				PRODUCT_NAME = NewProject;
				USE_HEADERMAP = NO;
				VALID_ARCHS = "i386 x86_64 arm64 arm64e";
			};
			name = Debug;
		};
		8493227FA93579EF38BA2DD6 /* Release */ = {
			isa = XCBuildConfiguration;
			buildSettings = {
				CLANG_CXX_LANGUAGE_STANDARD = "c++14";
				CLANG_CXX_LIBRARY = "libc++";
				CLANG_LINK_OBJC_RUNTIME = NO;
				CODE_SIGN_IDENTITY = "";
				COMBINE_HIDPI_IMAGES = YES;
				CONFIGURATION_BUILD_DIR = "$(PROJECT_DIR)/build/$(CONFIGURATION)";
				DEAD_CODE_STRIPPING = YES;
				EXCLUDED_ARCHS = "";
				GCC_GENERATE_DEBUGGING_SYMBOLS = NO;
				GCC_OPTIMIZATION_LEVEL = 3;
				GCC_PREPROCESSOR_DEFINITIONS = (
					"_NDEBUG=1",
					"NDEBUG=1",
					"JUCE_DISPLAY_SPLASH_SCREEN=1",
					"JUCE_USE_DARK_SPLASH_SCREEN=1",
					"JUCE_PROJUCER_VERSION=0x70002",
					"JUCE_MODULE_AVAILABLE_juce_audio_basics=1",
					"JUCE_MODULE_AVAILABLE_juce_audio_devices=1",
					"JUCE_MODULE_AVAILABLE_juce_audio_formats=1",
					"JUCE_MODULE_AVAILABLE_juce_audio_processors=1",
					"JUCE_MODULE_AVAILABLE_juce_audio_utils=1",
					"JUCE_MODULE_AVAILABLE_juce_box2d=1",
					"JUCE_MODULE_AVAILABLE_juce_core=1",
					"JUCE_MODULE_AVAILABLE_juce_data_structures=1",
					"JUCE_MODULE_AVAILABLE_juce_events=1",
					"JUCE_MODULE_AVAILABLE_juce_graphics=1",
					"JUCE_MODULE_AVAILABLE_juce_gui_basics=1",
					"JUCE_MODULE_AVAILABLE_juce_gui_extra=1",
					"JUCE_GLOBAL_MODULE_SETTINGS_INCLUDED=1",
					"JUCE_STRICT_REFCOUNTEDPOINTER=1",
					"JUCE_STANDALONE_APPLICATION=1",
					"JUCER_XCODE_MAC_F6D2F4CF=1",
					"JUCE_APP_VERSION=1.0.0",
					"JUCE_APP_VERSION_HEX=0x10000",
					"JucePlugin_Build_VST=0",
					"JucePlugin_Build_VST3=0",
					"JucePlugin_Build_AU=0",
					"JucePlugin_Build_AUv3=0",
					"JucePlugin_Build_AAX=0",
					"JucePlugin_Build_Standalone=0",
					"JucePlugin_Build_Unity=0",
					"JucePlugin_Build_LV2=0",
					"JUCE_MODAL_LOOPS_PERMITTED=1",
				);
				GCC_VERSION = com.apple.compilers.llvm.clang.1_0;
				HEADER_SEARCH_PATHS = (
					"$(SRCROOT)/../../JuceLibraryCode",
					"$(SRCROOT)/../../../../../JUCE/modules",
					"$(inherited)",
				);
				INFOPLIST_FILE = "Info-App.plist";
				INFOPLIST_PREPROCESS = NO;
				INSTALL_PATH = "$(HOME)/Applications";
				LLVM_LTO = YES;
				MACOSX_DEPLOYMENT_TARGET = 10.11;
				MTL_HEADER_SEARCH_PATHS = "$(SRCROOT)/../../JuceLibraryCode $(SRCROOT)/../../../../../JUCE/modules";
				OTHER_LDFLAGS = (
					"-weak_framework",
					Metal,
					"-weak_framework",
					MetalKit,
				);
				PRODUCT_BUNDLE_IDENTIFIER = com.yourcompany.res;
				PRODUCT_NAME = NewProject;
				USE_HEADERMAP = NO;
				VALID_ARCHS = "i386 x86_64 arm64 arm64e";
			};
			name = Release;
		};
		C4276A059D5D728EB751C891 /* Release */ = {
			isa = XCBuildConfiguration;
			buildSettings = {
				ALWAYS_SEARCH_USER_PATHS = NO;
				CLANG_ENABLE_OBJC_WEAK = YES;
				CLANG_WARN_BLOCK_CAPTURE_AUTORELEASING = YES;
				CLANG_WARN_BOOL_CONVERSION = YES;
				CLANG_WARN_COMMA = YES;
				CLANG_WARN_CONSTANT_CONVERSION = YES;
				CLANG_WARN_DEPRECATED_OBJC_IMPLEMENTATIONS = YES;
				CLANG_WARN_EMPTY_BODY = YES;
				CLANG_WARN_ENUM_CONVERSION = YES;
				CLANG_WARN_INFINITE_RECURSION = YES;
				CLANG_WARN_INT_CONVERSION = YES;
				CLANG_WARN_NON_LITERAL_NULL_CONVERSION = YES;
				CLANG_WARN_OBJC_IMPLICIT_RETAIN_SELF = YES;
				CLANG_WARN_OBJC_LITERAL_CONVERSION = YES;
				CLANG_WARN_RANGE_LOOP_ANALYSIS = YES;
				CLANG_WARN_STRICT_PROTOTYPES = YES;
				CLANG_WARN_SUSPICIOUS_MOVE = YES;
				CLANG_WARN_UNREACHABLE_CODE = YES;
				CLANG_WARN__DUPLICATE_METHOD_MATCH = YES;
				CODE_SIGN_IDENTITY = "";
				DEBUG_INFORMATION_FORMAT = dwarf;
				ENABLE_STRICT_OBJC_MSGSEND = YES;
				ENABLE_TESTABILITY = NO;
				GCC_C_LANGUAGE_STANDARD = c11;
				GCC_INLINES_ARE_PRIVATE_EXTERN = YES;
				GCC_MODEL_TUNING = G5;
				GCC_NO_COMMON_BLOCKS = YES;
				GCC_SYMBOLS_PRIVATE_EXTERN = YES;
				GCC_WARN_64_TO_32_BIT_CONVERSION = YES;
				GCC_WARN_ABOUT_RETURN_TYPE = YES;
				GCC_WARN_CHECK_SWITCH_STATEMENTS = YES;
				GCC_WARN_MISSING_PARENTHESES = YES;
				GCC_WARN_NON_VIRTUAL_DESTRUCTOR = YES;
				GCC_WARN_TYPECHECK_CALLS_TO_PRINTF = YES;
				GCC_WARN_UNDECLARED_SELECTOR = YES;
				GCC_WARN_UNINITIALIZED_AUTOS = YES;
				GCC_WARN_UNUSED_FUNCTION = YES;
				GCC_WARN_UNUSED_VARIABLE = YES;
				PRODUCT_NAME = NewProject;
				SDKROOT = macosx;
				WARNING_CFLAGS = "-Wreorder";
				ZERO_LINK = NO;
			};
			name = Release;
		};
		DAF9FA870835201A06F8E174 /* Debug */ = {
			isa = XCBuildConfiguration;
			buildSettings = {
				ALWAYS_SEARCH_USER_PATHS = NO;
				CLANG_ENABLE_OBJC_WEAK = YES;
				CLANG_WARN_BLOCK_CAPTURE_AUTORELEASING = YES;
				CLANG_WARN_BOOL_CONVERSION = YES;
				CLANG_WARN_COMMA = YES;
				CLANG_WARN_CONSTANT_CONVERSION = YES;
				CLANG_WARN_DEPRECATED_OBJC_IMPLEMENTATIONS = YES;
				CLANG_WARN_EMPTY_BODY = YES;
				CLANG_WARN_ENUM_CONVERSION = YES;
				CLANG_WARN_INFINITE_RECURSION = YES;
				CLANG_WARN_INT_CONVERSION = YES;
				CLANG_WARN_NON_LITERAL_NULL_CONVERSION = YES;
				CLANG_WARN_OBJC_IMPLICIT_RETAIN_SELF = YES;
				CLANG_WARN_OBJC_LITERAL_CONVERSION = YES;
				CLANG_WARN_RANGE_LOOP_ANALYSIS = YES;
				CLANG_WARN_STRICT_PROTOTYPES = YES;
				CLANG_WARN_SUSPICIOUS_MOVE = YES;
				CLANG_WARN_UNREACHABLE_CODE = YES;
				CLANG_WARN__DUPLICATE_METHOD_MATCH = YES;
				CODE_SIGN_IDENTITY = "";
				DEBUG_INFORMATION_FORMAT = dwarf;
				ENABLE_STRICT_OBJC_MSGSEND = YES;
				ENABLE_TESTABILITY = NO;
				GCC_C_LANGUAGE_STANDARD = c11;
				GCC_INLINES_ARE_PRIVATE_EXTERN = YES;
				GCC_MODEL_TUNING = G5;
				GCC_NO_COMMON_BLOCKS = YES;
				GCC_SYMBOLS_PRIVATE_EXTERN = YES;
				GCC_WARN_64_TO_32_BIT_CONVERSION = YES;
				GCC_WARN_ABOUT_RETURN_TYPE = YES;
				GCC_WARN_CHECK_SWITCH_STATEMENTS = YES;
				GCC_WARN_MISSING_PARENTHESES = YES;
				GCC_WARN_NON_VIRTUAL_DESTRUCTOR = YES;
				GCC_WARN_TYPECHECK_CALLS_TO_PRINTF = YES;
				GCC_WARN_UNDECLARED_SELECTOR = YES;
				GCC_WARN_UNINITIALIZED_AUTOS = YES;
				GCC_WARN_UNUSED_FUNCTION = YES;
				GCC_WARN_UNUSED_VARIABLE = YES;
				ONLY_ACTIVE_ARCH = YES;
				PRODUCT_NAME = NewProject;
				SDKROOT = macosx;
				WARNING_CFLAGS = "-Wreorder";
				ZERO_LINK = NO;
			};
			name = Debug;
		};
/* End XCBuildConfiguration section */

/* Begin XCConfigurationList section */
		D5DC163C80E054D87A2530F2 /* Build configuration list for PBXProject "res" */ = {
			isa = XCConfigurationList;
			buildConfigurations = (
				C4276A059D5D728EB751C891 /* Release */,
				DAF9FA870835201A06F8E174 /* Debug */,
			);
			defaultConfigurationIsVisible = 0;
			defaultConfigurationName = Debug;
		};
		EE115E01939CE8E524B28616 /* Build configuration list for PBXNativeTarget "res - App" */ = {
			isa = XCConfigurationList;
			buildConfigurations = (
				74E194E2B5F0125C9005BBE3 /* Debug */,
				8493227FA93579EF38BA2DD6 /* Release */,
			);
			defaultConfigurationIsVisible = 0;
			defaultConfigurationName = Debug;
		};
/* End XCConfigurationList section */
	};
	rootObject = 98ADD63E0E3D6500DC45347B /* Project object */;
}
